
Microsoft Visual Studio Solution File, Format Version 12.00
# Visual Studio Version 17
VisualStudioVersion = 17.14.36414.22
MinimumVisualStudioVersion = 10.0.40219.1
Project("{FAE04EC0-301F-11D3-BF4B-00C04F79EFBC}") = "PIA_Programacion_Distribuida", "PIA_Restaurante.csproj", "{E8438F5B-B7D0-4E24-8C2A-0388CB75F5EA}"
EndProject
Global
	GlobalSection(SolutionConfigurationPlatforms) = preSolution
		Debug|Any CPU = Debug|Any CPU
		Release|Any CPU = Release|Any CPU
	EndGlobalSection
	GlobalSection(ProjectConfigurationPlatforms) = postSolution
		{E8438F5B-B7D0-4E24-8C2A-0388CB75F5EA}.Debug|Any CPU.ActiveCfg = Debug|Any CPU
		{E8438F5B-B7D0-4E24-8C2A-0388CB75F5EA}.Debug|Any CPU.Build.0 = Debug|Any CPU
		{E8438F5B-B7D0-4E24-8C2A-0388CB75F5EA}.Release|Any CPU.ActiveCfg = Release|Any CPU
		{E8438F5B-B7D0-4E24-8C2A-0388CB75F5EA}.Release|Any CPU.Build.0 = Release|Any CPU
	EndGlobalSection
	GlobalSection(SolutionProperties) = preSolution
		HideSolutionNode = FALSE
	EndGlobalSection
	GlobalSection(ExtensibilityGlobals) = postSolution
		SolutionGuid = {8FB48B2B-F115-4631-A193-CA7EB7183D32}
	EndGlobalSection
EndGlobal
